
Microsoft Visual Studio Solution File, Format Version 12.00
# Visual Studio Version 17
VisualStudioVersion = 17.5.002.0
MinimumVisualStudioVersion = 10.0.40219.1
Project("{9A19103F-16F7-4668-BE54-9A1E7A4F7556}") = "CallDllSample", "CallDllSample.csproj", "{6B759D2A-49F0-4F9A-8CD9-F3B6CC64CBAE}"
EndProject
Global
	GlobalSection(SolutionConfigurationPlatforms) = preSolution
		Debug|Any CPU = Debug|Any CPU
		Release|Any CPU = Release|Any CPU
	EndGlobalSection
	GlobalSection(ProjectConfigurationPlatforms) = postSolution
		{6B759D2A-49F0-4F9A-8CD9-F3B6CC64CBAE}.Debug|Any CPU.ActiveCfg = Debug|Any CPU
		{6B759D2A-49F0-4F9A-8CD9-F3B6CC64CBAE}.Debug|Any CPU.Build.0 = Debug|Any CPU
		{6B759D2A-49F0-4F9A-8CD9-F3B6CC64CBAE}.Release|Any CPU.ActiveCfg = Release|Any CPU
		{6B759D2A-49F0-4F9A-8CD9-F3B6CC64CBAE}.Release|Any CPU.Build.0 = Release|Any CPU
	EndGlobalSection
	GlobalSection(SolutionProperties) = preSolution
		HideSolutionNode = FALSE
	EndGlobalSection
	GlobalSection(ExtensibilityGlobals) = postSolution
		SolutionGuid = {55656E4F-C261-48B9-9A98-1466466492CD}
	EndGlobalSection
EndGlobal
